
Microsoft Visual Studio Solution File, Format Version 12.00
# Visual Studio 15
VisualStudioVersion = 15.0.27130.2027
MinimumVisualStudioVersion = 10.0.40219.1
Project("{2150E333-8FDC-42A3-9474-1A3956D46DE8}") = "src", "src", "{4B5BB1BB-F05F-40AB-B165-C0E8D275F108}"
EndProject
Project("{2150E333-8FDC-42A3-9474-1A3956D46DE8}") = "tests", "tests", "{D2BC4D3A-9316-4CD9-AA84-7BEB6F77C882}"
EndProject
Project("{2150E333-8FDC-42A3-9474-1A3956D46DE8}") = "Solution Items", "Solution Items", "{C8694E35-4504-47BD-B910-DE9577B48874}"
	ProjectSection(SolutionItems) = preProject
		.gitignore = .gitignore
		Dockerfile = Dockerfile
		README.md = README.md
	EndProjectSection
EndProject
Project("{FAE04EC0-301F-11D3-BF4B-00C04F79EFBC}") = "Century.Api", "src\Century.Api\Century.Api.csproj", "{1CD29969-2994-417D-B390-B8D363DD4F07}"
EndProject
Project("{9A19103F-16F7-4668-BE54-9A1E7A4F7556}") = "Century.UnitTests", "tests\Century.UnitTests\Century.UnitTests.csproj", "{5D8A4ACB-C038-4933-9ED0-FBD26EAFC65C}"
EndProject
Global
	GlobalSection(SolutionConfigurationPlatforms) = preSolution
		Debug|Any CPU = Debug|Any CPU
		Release|Any CPU = Release|Any CPU
	EndGlobalSection
	GlobalSection(ProjectConfigurationPlatforms) = postSolution
		{1CD29969-2994-417D-B390-B8D363DD4F07}.Debug|Any CPU.ActiveCfg = Debug|Any CPU
		{1CD29969-2994-417D-B390-B8D363DD4F07}.Debug|Any CPU.Build.0 = Debug|Any CPU
		{1CD29969-2994-417D-B390-B8D363DD4F07}.Release|Any CPU.ActiveCfg = Release|Any CPU
		{1CD29969-2994-417D-B390-B8D363DD4F07}.Release|Any CPU.Build.0 = Release|Any CPU
		{5D8A4ACB-C038-4933-9ED0-FBD26EAFC65C}.Debug|Any CPU.ActiveCfg = Debug|Any CPU
		{5D8A4ACB-C038-4933-9ED0-FBD26EAFC65C}.Debug|Any CPU.Build.0 = Debug|Any CPU
		{5D8A4ACB-C038-4933-9ED0-FBD26EAFC65C}.Release|Any CPU.ActiveCfg = Release|Any CPU
		{5D8A4ACB-C038-4933-9ED0-FBD26EAFC65C}.Release|Any CPU.Build.0 = Release|Any CPU
	EndGlobalSection
	GlobalSection(SolutionProperties) = preSolution
		HideSolutionNode = FALSE
	EndGlobalSection
	GlobalSection(NestedProjects) = preSolution
		{1CD29969-2994-417D-B390-B8D363DD4F07} = {4B5BB1BB-F05F-40AB-B165-C0E8D275F108}
		{5D8A4ACB-C038-4933-9ED0-FBD26EAFC65C} = {D2BC4D3A-9316-4CD9-AA84-7BEB6F77C882}
	EndGlobalSection
	GlobalSection(ExtensibilityGlobals) = postSolution
		SolutionGuid = {DD4DD03F-0C46-4E5F-8474-5DECC3E239F3}
	EndGlobalSection
EndGlobal
